<Solution>
  <Project Path="Ejercicio 1/Ejercicio 1.csproj" Id="3392d871-47c1-4af4-92ad-ab24694479eb" />
  <Project Path="Ejercicio 2/Ejercicio 2.csproj" Id="6fd53144-9a3e-4f69-acc2-1a92de8a2277" />
  <Project Path="Ejercicio 4/Ejercicio 4.csproj" Id="183e3640-4778-49ea-aa3d-88f39a7f3e5a" />
</Solution>
